{
  "name": "src2gdlc",
  "version": "0.2.0",
  "lockfileVersion": 3,
  "requires": true,
  "packages": {
    "": {
      "name": "src2gdlc",
      "version": "0.2.0",
      "dependencies": {
        "web-tree-sitter": "^0.26.6"
      }
    },
    "node_modules/web-tree-sitter": {
      "version": "0.26.6",
      "resolved": "https://registry.npmjs.org/web-tree-sitter/-/web-tree-sitter-0.26.6.tgz",
      "integrity": "sha512-fSPR7VBW/fZQdUSp/bXTDLT+i/9dwtbnqgEBMzowrM4U3DzeCwDbY3MKo0584uQxID4m/1xpLflrlT/rLIRPew==",
      "license": "MIT"
    }
  }
}
